
Microsoft Visual Studio Solution File, Format Version 12.00
# Visual Studio Version 16
VisualStudioVersion = 16.0.31025.194
MinimumVisualStudioVersion = 10.0.40219.1
Project("{FAE04EC0-301F-11D3-BF4B-00C04F79EFBC}") = "WebAdvert.Web", "WebAdvert.Web.csproj", "{4B49A093-E720-4B49-A567-651697870D3A}"
EndProject
Global
	GlobalSection(SolutionConfigurationPlatforms) = preSolution
		Debug|Any CPU = Debug|Any CPU
		Release|Any CPU = Release|Any CPU
	EndGlobalSection
	GlobalSection(ProjectConfigurationPlatforms) = postSolution
		{4B49A093-E720-4B49-A567-651697870D3A}.Debug|Any CPU.ActiveCfg = Debug|Any CPU
		{4B49A093-E720-4B49-A567-651697870D3A}.Debug|Any CPU.Build.0 = Debug|Any CPU
		{4B49A093-E720-4B49-A567-651697870D3A}.Release|Any CPU.ActiveCfg = Release|Any CPU
		{4B49A093-E720-4B49-A567-651697870D3A}.Release|Any CPU.Build.0 = Release|Any CPU
	EndGlobalSection
	GlobalSection(SolutionProperties) = preSolution
		HideSolutionNode = FALSE
	EndGlobalSection
	GlobalSection(ExtensibilityGlobals) = postSolution
		SolutionGuid = {0E9B635F-72B4-407F-8C44-CBC8D8081EE9}
	EndGlobalSection
EndGlobal
